
Microsoft Visual Studio Solution File, Format Version 12.00
# Visual Studio Version 17
VisualStudioVersion = 17.7.34221.43
MinimumVisualStudioVersion = 10.0.40219.1
Project("{9A19103F-16F7-4668-BE54-9A1E7A4F7556}") = "ApiGateway", "ApiGateway\ApiGateway.csproj", "{DD74BCD9-74AA-4C9B-A60F-975BCAF7E048}"
EndProject
Project("{9A19103F-16F7-4668-BE54-9A1E7A4F7556}") = "AuthService", "AuthService\AuthService.csproj", "{0EB85C90-44B4-4403-8D0D-78791C3941F6}"
EndProject
Project("{9A19103F-16F7-4668-BE54-9A1E7A4F7556}") = "UserService", "UserService\UserService.csproj", "{9BD1B321-750A-4CAC-AC1F-203AC2423869}"
EndProject
Project("{9A19103F-16F7-4668-BE54-9A1E7A4F7556}") = "Common", "Common\Common.csproj", "{6A169068-BE2C-41E3-B0FE-6ED9505D8D45}"
EndProject
Project("{2150E333-8FDC-42A3-9474-1A3956D46DE8}") = "Solution Items", "Solution Items", "{6D80117D-7676-4886-AA43-654645726ECD}"
	ProjectSection(SolutionItems) = preProject
		docker-compose.yml = docker-compose.yml
	EndProjectSection
EndProject
Project("{9A19103F-16F7-4668-BE54-9A1E7A4F7556}") = "StatisticsService", "StatisticsService\StatisticsService.csproj", "{491A6097-1835-4B7C-A34E-370FFD0E37A9}"
EndProject
Project("{9A19103F-16F7-4668-BE54-9A1E7A4F7556}") = "MusicService", "MusicService\MusicService.csproj", "{FC6D63FF-FA34-47A8-A4B7-419E9FC12285}"
EndProject
Project("{9A19103F-16F7-4668-BE54-9A1E7A4F7556}") = "FilesService", "FilesService\FilesService.csproj", "{BFCB8A47-CE95-4B8D-B30E-0243B5131DC4}"
EndProject
Project("{9A19103F-16F7-4668-BE54-9A1E7A4F7556}") = "AuthService.Tests", "AuthService.Tests\AuthService.Tests.csproj", "{AE087912-7B0D-4F35-BC53-ABF083340C0F}"
EndProject
Project("{9A19103F-16F7-4668-BE54-9A1E7A4F7556}") = "UserServiceTests", "UserServiceTests\UserServiceTests.csproj", "{25F15D46-CDC9-4500-A5D5-A8232D2B28AA}"
EndProject
Project("{FAE04EC0-301F-11D3-BF4B-00C04F79EFBC}") = "MusicServiceTests", "MusicServiceTests\MusicServiceTests.csproj", "{5F611C4B-DDD6-464E-AA6D-2F7B093ACB84}"
EndProject
Global
	GlobalSection(SolutionConfigurationPlatforms) = preSolution
		Debug|Any CPU = Debug|Any CPU
		Release|Any CPU = Release|Any CPU
	EndGlobalSection
	GlobalSection(ProjectConfigurationPlatforms) = postSolution
		{DD74BCD9-74AA-4C9B-A60F-975BCAF7E048}.Debug|Any CPU.ActiveCfg = Debug|Any CPU
		{DD74BCD9-74AA-4C9B-A60F-975BCAF7E048}.Debug|Any CPU.Build.0 = Debug|Any CPU
		{DD74BCD9-74AA-4C9B-A60F-975BCAF7E048}.Release|Any CPU.ActiveCfg = Release|Any CPU
		{DD74BCD9-74AA-4C9B-A60F-975BCAF7E048}.Release|Any CPU.Build.0 = Release|Any CPU
		{0EB85C90-44B4-4403-8D0D-78791C3941F6}.Debug|Any CPU.ActiveCfg = Debug|Any CPU
		{0EB85C90-44B4-4403-8D0D-78791C3941F6}.Debug|Any CPU.Build.0 = Debug|Any CPU
		{0EB85C90-44B4-4403-8D0D-78791C3941F6}.Release|Any CPU.ActiveCfg = Release|Any CPU
		{0EB85C90-44B4-4403-8D0D-78791C3941F6}.Release|Any CPU.Build.0 = Release|Any CPU
		{9BD1B321-750A-4CAC-AC1F-203AC2423869}.Debug|Any CPU.ActiveCfg = Debug|Any CPU
		{9BD1B321-750A-4CAC-AC1F-203AC2423869}.Debug|Any CPU.Build.0 = Debug|Any CPU
		{9BD1B321-750A-4CAC-AC1F-203AC2423869}.Release|Any CPU.ActiveCfg = Release|Any CPU
		{9BD1B321-750A-4CAC-AC1F-203AC2423869}.Release|Any CPU.Build.0 = Release|Any CPU
		{6A169068-BE2C-41E3-B0FE-6ED9505D8D45}.Debug|Any CPU.ActiveCfg = Debug|Any CPU
		{6A169068-BE2C-41E3-B0FE-6ED9505D8D45}.Debug|Any CPU.Build.0 = Debug|Any CPU
		{6A169068-BE2C-41E3-B0FE-6ED9505D8D45}.Release|Any CPU.ActiveCfg = Release|Any CPU
		{6A169068-BE2C-41E3-B0FE-6ED9505D8D45}.Release|Any CPU.Build.0 = Release|Any CPU
		{491A6097-1835-4B7C-A34E-370FFD0E37A9}.Debug|Any CPU.ActiveCfg = Debug|Any CPU
		{491A6097-1835-4B7C-A34E-370FFD0E37A9}.Debug|Any CPU.Build.0 = Debug|Any CPU
		{491A6097-1835-4B7C-A34E-370FFD0E37A9}.Release|Any CPU.ActiveCfg = Release|Any CPU
		{491A6097-1835-4B7C-A34E-370FFD0E37A9}.Release|Any CPU.Build.0 = Release|Any CPU
		{FC6D63FF-FA34-47A8-A4B7-419E9FC12285}.Debug|Any CPU.ActiveCfg = Debug|Any CPU
		{FC6D63FF-FA34-47A8-A4B7-419E9FC12285}.Debug|Any CPU.Build.0 = Debug|Any CPU
		{FC6D63FF-FA34-47A8-A4B7-419E9FC12285}.Release|Any CPU.ActiveCfg = Release|Any CPU
		{FC6D63FF-FA34-47A8-A4B7-419E9FC12285}.Release|Any CPU.Build.0 = Release|Any CPU
		{BFCB8A47-CE95-4B8D-B30E-0243B5131DC4}.Debug|Any CPU.ActiveCfg = Debug|Any CPU
		{BFCB8A47-CE95-4B8D-B30E-0243B5131DC4}.Debug|Any CPU.Build.0 = Debug|Any CPU
		{BFCB8A47-CE95-4B8D-B30E-0243B5131DC4}.Release|Any CPU.ActiveCfg = Release|Any CPU
		{BFCB8A47-CE95-4B8D-B30E-0243B5131DC4}.Release|Any CPU.Build.0 = Release|Any CPU
		{AE087912-7B0D-4F35-BC53-ABF083340C0F}.Debug|Any CPU.ActiveCfg = Debug|Any CPU
		{AE087912-7B0D-4F35-BC53-ABF083340C0F}.Debug|Any CPU.Build.0 = Debug|Any CPU
		{AE087912-7B0D-4F35-BC53-ABF083340C0F}.Release|Any CPU.ActiveCfg = Release|Any CPU
		{AE087912-7B0D-4F35-BC53-ABF083340C0F}.Release|Any CPU.Build.0 = Release|Any CPU
		{25F15D46-CDC9-4500-A5D5-A8232D2B28AA}.Debug|Any CPU.ActiveCfg = Debug|Any CPU
		{25F15D46-CDC9-4500-A5D5-A8232D2B28AA}.Debug|Any CPU.Build.0 = Debug|Any CPU
		{25F15D46-CDC9-4500-A5D5-A8232D2B28AA}.Release|Any CPU.ActiveCfg = Release|Any CPU
		{25F15D46-CDC9-4500-A5D5-A8232D2B28AA}.Release|Any CPU.Build.0 = Release|Any CPU
		{5F611C4B-DDD6-464E-AA6D-2F7B093ACB84}.Debug|Any CPU.ActiveCfg = Debug|Any CPU
		{5F611C4B-DDD6-464E-AA6D-2F7B093ACB84}.Debug|Any CPU.Build.0 = Debug|Any CPU
		{5F611C4B-DDD6-464E-AA6D-2F7B093ACB84}.Release|Any CPU.ActiveCfg = Release|Any CPU
		{5F611C4B-DDD6-464E-AA6D-2F7B093ACB84}.Release|Any CPU.Build.0 = Release|Any CPU
	EndGlobalSection
	GlobalSection(SolutionProperties) = preSolution
		HideSolutionNode = FALSE
	EndGlobalSection
	GlobalSection(ExtensibilityGlobals) = postSolution
		SolutionGuid = {0F33104B-CD90-40F4-A26C-07CA0F7DF660}
	EndGlobalSection
EndGlobal
